
Microsoft Visual Studio Solution File, Format Version 12.00
# Visual Studio Version 17
VisualStudioVersion = 17.1.32421.90
MinimumVisualStudioVersion = 10.0.40219.1
Project("{FAE04EC0-301F-11D3-BF4B-00C04F79EFBC}") = "QuanLySinhVien_3105_2014468", "QuanLySinhVien_3105_2014468\QuanLySinhVien_3105_2014468.csproj", "{1A4F52DE-E642-4472-8B13-E5D505F907F3}"
EndProject
Global
	GlobalSection(SolutionConfigurationPlatforms) = preSolution
		Debug|Any CPU = Debug|Any CPU
		Release|Any CPU = Release|Any CPU
	EndGlobalSection
	GlobalSection(ProjectConfigurationPlatforms) = postSolution
		{1A4F52DE-E642-4472-8B13-E5D505F907F3}.Debug|Any CPU.ActiveCfg = Debug|Any CPU
		{1A4F52DE-E642-4472-8B13-E5D505F907F3}.Debug|Any CPU.Build.0 = Debug|Any CPU
		{1A4F52DE-E642-4472-8B13-E5D505F907F3}.Release|Any CPU.ActiveCfg = Release|Any CPU
		{1A4F52DE-E642-4472-8B13-E5D505F907F3}.Release|Any CPU.Build.0 = Release|Any CPU
	EndGlobalSection
	GlobalSection(SolutionProperties) = preSolution
		HideSolutionNode = FALSE
	EndGlobalSection
	GlobalSection(ExtensibilityGlobals) = postSolution
		SolutionGuid = {277788AD-3245-4332-A9E0-F6D54D21EDEB}
	EndGlobalSection
EndGlobal
